# @generated - this file is auto-generated by `mise lock` https://mise.en.dev/dev-tools/mise-lock.html

[[tools.prek]]
version = "0.4.10"
backend = "aqua:j178/prek"

[tools.prek."platforms.linux-arm64"]
checksum = "sha256:9e743f493f681e84b94e65bec1199d992643f0bf4ce0929880298b3b4747989e"
url = "https://github.com/j178/prek/releases/download/v0.4.10/prek-aarch64-unknown-linux-musl.tar.gz"
provenance = "github-attestations"

[tools.prek."platforms.linux-arm64-musl"]
checksum = "sha256:9e743f493f681e84b94e65bec1199d992643f0bf4ce0929880298b3b4747989e"
url = "https://github.com/j178/prek/releases/download/v0.4.10/prek-aarch64-unknown-linux-musl.tar.gz"
provenance = "github-attestations"

[tools.prek."platforms.linux-x64"]
checksum = "sha256:d31168fcbfe9921ad63572dc7ddbee07be5d5d6befe11e6e7397e3861a4edd49"
url = "https://github.com/j178/prek/releases/download/v0.4.10/prek-x86_64-unknown-linux-musl.tar.gz"
provenance = "github-attestations"

[tools.prek."platforms.linux-x64-musl"]
checksum = "sha256:d31168fcbfe9921ad63572dc7ddbee07be5d5d6befe11e6e7397e3861a4edd49"
url = "https://github.com/j178/prek/releases/download/v0.4.10/prek-x86_64-unknown-linux-musl.tar.gz"
provenance = "github-attestations"

[tools.prek."platforms.macos-arm64"]
checksum = "sha256:b2be74cd80bc86f679d92ae368d154ce391e4ef9891dc54447976b92df7951f1"
url = "https://github.com/j178/prek/releases/download/v0.4.10/prek-aarch64-apple-darwin.tar.gz"
provenance = "github-attestations"

[tools.prek."platforms.macos-x64"]
checksum = "sha256:ae0e42f5aec02898531d6b3b7dca97967a5d128cba8df34bc2a586742e2d847d"
url = "https://github.com/j178/prek/releases/download/v0.4.10/prek-x86_64-apple-darwin.tar.gz"
provenance = "github-attestations"

[tools.prek."platforms.windows-x64"]
checksum = "sha256:872d1c5ac32efce01e93821e790dedc8c055b499f524f1250270679562bf3792"
url = "https://github.com/j178/prek/releases/download/v0.4.10/prek-x86_64-pc-windows-msvc.zip"
provenance = "github-attestations"

[[tools.python]]
version = "3.14.5"
backend = "core:python"

[tools.python."platforms.linux-arm64"]
checksum = "sha256:1d3ea1b3cd9b8f3d53afb629e82e9bc8f6dab6cbb1a7d23524bd86ba5bc22570"
url = "https://github.com/astral-sh/python-build-standalone/releases/download/20260602/cpython-3.14.5+20260602-aarch64-unknown-linux-gnu-install_only_stripped.tar.gz"
provenance = "github-attestations"

[tools.python."platforms.linux-arm64-musl"]
checksum = "sha256:23dfd69917f1c693b7ce857f014a72da546c8132c277bb6ac98fdbe12334e221"
url = "https://github.com/astral-sh/python-build-standalone/releases/download/20260602/cpython-3.14.5+20260602-aarch64-unknown-linux-musl-install_only_stripped.tar.gz"
provenance = "github-attestations"

[tools.python."platforms.linux-x64"]
checksum = "sha256:982a60fc7f11bbe405ab54afcd4eb145f1134797bbbffac9f5c49df4ec98b13e"
url = "https://github.com/astral-sh/python-build-standalone/releases/download/20260602/cpython-3.14.5+20260602-x86_64-unknown-linux-gnu-install_only_stripped.tar.gz"
provenance = "github-attestations"

[tools.python."platforms.linux-x64-musl"]
checksum = "sha256:09fb97b20df0ed9336d39468007619b3458489c33fa4166b43155587b382f84a"
url = "https://github.com/astral-sh/python-build-standalone/releases/download/20260602/cpython-3.14.5+20260602-x86_64-unknown-linux-musl-install_only_stripped.tar.gz"
provenance = "github-attestations"

[tools.python."platforms.macos-arm64"]
checksum = "sha256:3a0373cc39fefd494754ef555267f245c720cddbaaabf63a7c9a4269f1e56532"
url = "https://github.com/astral-sh/python-build-standalone/releases/download/20260602/cpython-3.14.5+20260602-aarch64-apple-darwin-install_only_stripped.tar.gz"
provenance = "github-attestations"

[tools.python."platforms.macos-x64"]
checksum = "sha256:d44ff6ec301cabc91eb0c756b1948b28579fb07feba36aaf1990e535649d5ea6"
url = "https://github.com/astral-sh/python-build-standalone/releases/download/20260602/cpython-3.14.5+20260602-x86_64-apple-darwin-install_only_stripped.tar.gz"
provenance = "github-attestations"

[tools.python."platforms.windows-x64"]
checksum = "sha256:66b065143e538c07f069f764d831d8ffae95507907d4ca211304e6f3a056435c"
url = "https://github.com/astral-sh/python-build-standalone/releases/download/20260602/cpython-3.14.5+20260602-x86_64-pc-windows-msvc-install_only_stripped.tar.gz"
provenance = "github-attestations"

[[tools.uv]]
version = "0.11.17"
backend = "aqua:astral-sh/uv"

[tools.uv."platforms.linux-arm64"]
checksum = "sha256:9e5eaf16ffad968fc689f18c2733ace914ed417d4e5572e92d807fd51a90228c"
url = "https://github.com/astral-sh/uv/releases/download/0.11.17/uv-aarch64-unknown-linux-musl.tar.gz"
provenance = "github-attestations"

[tools.uv."platforms.linux-arm64-musl"]
checksum = "sha256:9e5eaf16ffad968fc689f18c2733ace914ed417d4e5572e92d807fd51a90228c"
url = "https://github.com/astral-sh/uv/releases/download/0.11.17/uv-aarch64-unknown-linux-musl.tar.gz"
provenance = "github-attestations"

[tools.uv."platforms.linux-x64"]
checksum = "sha256:4231a429d4e0f7c1937d8916658c08a7706cd7872afebeb87203a18c2e0dc28e"
url = "https://github.com/astral-sh/uv/releases/download/0.11.17/uv-x86_64-unknown-linux-musl.tar.gz"
provenance = "github-attestations"

[tools.uv."platforms.linux-x64-musl"]
checksum = "sha256:4231a429d4e0f7c1937d8916658c08a7706cd7872afebeb87203a18c2e0dc28e"
url = "https://github.com/astral-sh/uv/releases/download/0.11.17/uv-x86_64-unknown-linux-musl.tar.gz"
provenance = "github-attestations"

[tools.uv."platforms.macos-arm64"]
checksum = "sha256:2a162f6b90ff3691a2f9cae1622e066a3ce592e110f66670cdcc841324b28226"
url = "https://github.com/astral-sh/uv/releases/download/0.11.17/uv-aarch64-apple-darwin.tar.gz"
provenance = "github-attestations"

[tools.uv."platforms.macos-x64"]
checksum = "sha256:6c66e41eaf4d15abeda58d3f268161b6e3f742d98390341b174a7cfc1b48841d"
url = "https://github.com/astral-sh/uv/releases/download/0.11.17/uv-x86_64-apple-darwin.tar.gz"
provenance = "github-attestations"

[tools.uv."platforms.windows-x64"]
checksum = "sha256:35fc29e03e62f3cda769bc12773f3cb70ce305d0d36c0d8bd0c117dd0b3fcd14"
url = "https://github.com/astral-sh/uv/releases/download/0.11.17/uv-x86_64-pc-windows-msvc.zip"
provenance = "github-attestations"
