# @generated - this file is auto-generated by `mise lock` https://mise.en.dev/dev-tools/mise-lock.html

[[tools.cocogitto]]
version = "7.0.0"
backend = "aqua:cocogitto/cocogitto"

[tools.cocogitto."platforms.linux-arm64"]
checksum = "sha256:379949f50c4f8245ef9532913e83f351c048b55e40ebd52ed8a850642c07a753"
url = "https://github.com/cocogitto/cocogitto/releases/download/7.0.0/cocogitto-7.0.0-aarch64-unknown-linux-gnu.tar.gz"
url_api = "https://api.github.com/repos/cocogitto/cocogitto/releases/assets/366659384"

[tools.cocogitto."platforms.linux-x64"]
checksum = "sha256:e03938ff2c4c86d71c00c0f3284dbbe95c5ca76fe34a51f33e945c23010d59bb"
url = "https://github.com/cocogitto/cocogitto/releases/download/7.0.0/cocogitto-7.0.0-x86_64-unknown-linux-musl.tar.gz"
url_api = "https://api.github.com/repos/cocogitto/cocogitto/releases/assets/366659350"

[tools.cocogitto."platforms.linux-x64-musl"]
checksum = "sha256:e03938ff2c4c86d71c00c0f3284dbbe95c5ca76fe34a51f33e945c23010d59bb"
url = "https://github.com/cocogitto/cocogitto/releases/download/7.0.0/cocogitto-7.0.0-x86_64-unknown-linux-musl.tar.gz"
url_api = "https://api.github.com/repos/cocogitto/cocogitto/releases/assets/366659350"

[tools.cocogitto."platforms.macos-arm64"]
checksum = "sha256:429303b6d68c6461aa221ab4de82b26d0bbcdee7127947ea9c7c411ab9bc574c"
url = "https://github.com/cocogitto/cocogitto/releases/download/7.0.0/cocogitto-7.0.0-aarch64-apple-darwin.tar.gz"
url_api = "https://api.github.com/repos/cocogitto/cocogitto/releases/assets/366659431"

[tools.cocogitto."platforms.macos-x64"]
checksum = "sha256:591dcd462e2e35ecc21caf41a15a65d464b7ce1ce8a5c299fa0d46a7798dddb0"
url = "https://github.com/cocogitto/cocogitto/releases/download/7.0.0/cocogitto-7.0.0-x86_64-apple-darwin.tar.gz"
url_api = "https://api.github.com/repos/cocogitto/cocogitto/releases/assets/366659418"

[tools.cocogitto."platforms.windows-x64"]
checksum = "sha256:074f68f05d270da5c0d69d3e234ec362bec4c6e3189c21d1c948d038603655d7"
url = "https://github.com/cocogitto/cocogitto/releases/download/7.0.0/cocogitto-7.0.0-x86_64-pc-windows-msvc.tar.gz"
url_api = "https://api.github.com/repos/cocogitto/cocogitto/releases/assets/366659399"

[[tools.prek]]
version = "0.4.10"
backend = "aqua:j178/prek"

[tools.prek."platforms.linux-arm64"]
checksum = "sha256:f562f7d1cfebc4ffa5e119e2ff196c23785d3adfd400f18f744aa14c144aeefe"
url = "https://github.com/j178/prek/releases/download/v0.4.10/prek-aarch64-unknown-linux-gnu.tar.gz"
url_api = "https://api.github.com/repos/j178/prek/releases/assets/479037982"
provenance = "github-attestations"

[tools.prek."platforms.linux-arm64-musl"]
checksum = "sha256:9e743f493f681e84b94e65bec1199d992643f0bf4ce0929880298b3b4747989e"
url = "https://github.com/j178/prek/releases/download/v0.4.10/prek-aarch64-unknown-linux-musl.tar.gz"
url_api = "https://api.github.com/repos/j178/prek/releases/assets/479037984"
provenance = "github-attestations"

[tools.prek."platforms.linux-x64"]
checksum = "sha256:446a4471b9d3e651762ade734865ae092392f42a4e931fcebcb4a508928a6d8d"
url = "https://github.com/j178/prek/releases/download/v0.4.10/prek-x86_64-unknown-linux-gnu.tar.gz"
url_api = "https://api.github.com/repos/j178/prek/releases/assets/479038032"
provenance = "github-attestations"

[tools.prek."platforms.linux-x64-musl"]
checksum = "sha256:d31168fcbfe9921ad63572dc7ddbee07be5d5d6befe11e6e7397e3861a4edd49"
url = "https://github.com/j178/prek/releases/download/v0.4.10/prek-x86_64-unknown-linux-musl.tar.gz"
url_api = "https://api.github.com/repos/j178/prek/releases/assets/479038034"
provenance = "github-attestations"

[tools.prek."platforms.macos-arm64"]
checksum = "sha256:b2be74cd80bc86f679d92ae368d154ce391e4ef9891dc54447976b92df7951f1"
url = "https://github.com/j178/prek/releases/download/v0.4.10/prek-aarch64-apple-darwin.tar.gz"
url_api = "https://api.github.com/repos/j178/prek/releases/assets/479037973"
provenance = "github-attestations"

[tools.prek."platforms.macos-x64"]
checksum = "sha256:ae0e42f5aec02898531d6b3b7dca97967a5d128cba8df34bc2a586742e2d847d"
url = "https://github.com/j178/prek/releases/download/v0.4.10/prek-x86_64-apple-darwin.tar.gz"
url_api = "https://api.github.com/repos/j178/prek/releases/assets/479038023"
provenance = "github-attestations"

[tools.prek."platforms.windows-x64"]
checksum = "sha256:872d1c5ac32efce01e93821e790dedc8c055b499f524f1250270679562bf3792"
url = "https://github.com/j178/prek/releases/download/v0.4.10/prek-x86_64-pc-windows-msvc.zip"
url_api = "https://api.github.com/repos/j178/prek/releases/assets/479038029"
provenance = "github-attestations"

[[tools.python]]
version = "3.13.15"
backend = "core:python"

[tools.python."platforms.linux-arm64"]
checksum = "sha256:01ce0ce9189feaead3298abf10d4efe998c55a489b3d5d38ca4f83dda7e7977e"
url = "https://github.com/astral-sh/python-build-standalone/releases/download/20260901/cpython-3.13.15+20260901-aarch64-unknown-linux-gnu-install_only_stripped.tar.gz"
provenance = "github-attestations"

[tools.python."platforms.linux-arm64-musl"]
checksum = "sha256:40b7d31b0f50d9f500821b44ac8c0f253d94839b82cd07ed1c7e240787271bb2"
url = "https://github.com/astral-sh/python-build-standalone/releases/download/20260901/cpython-3.13.15+20260901-aarch64-unknown-linux-musl-install_only_stripped.tar.gz"
provenance = "github-attestations"

[tools.python."platforms.linux-x64"]
checksum = "sha256:8a689a077337bea6d1c4bc0b7df1d52fcaa28f5f67e50df8bf417c1e3f9d8874"
url = "https://github.com/astral-sh/python-build-standalone/releases/download/20260901/cpython-3.13.15+20260901-x86_64-unknown-linux-gnu-install_only_stripped.tar.gz"
provenance = "github-attestations"

[tools.python."platforms.linux-x64-musl"]
checksum = "sha256:6d26dd7e3adaf613565cc703e0096774154d761c65523d373e6a36bc478dd4d5"
url = "https://github.com/astral-sh/python-build-standalone/releases/download/20260901/cpython-3.13.15+20260901-x86_64-unknown-linux-musl-install_only_stripped.tar.gz"
provenance = "github-attestations"

[tools.python."platforms.macos-arm64"]
checksum = "sha256:d3904bd6a072246e07aa0bdadee9a14e80521e42a943c0848059feb16a2816dc"
url = "https://github.com/astral-sh/python-build-standalone/releases/download/20260901/cpython-3.13.15+20260901-aarch64-apple-darwin-install_only_stripped.tar.gz"
provenance = "github-attestations"

[tools.python."platforms.macos-x64"]
checksum = "sha256:f712a9143c8a5d248438ec7921a0b48d548bca4f1337d33c690d28c2d0504137"
url = "https://github.com/astral-sh/python-build-standalone/releases/download/20260901/cpython-3.13.15+20260901-x86_64-apple-darwin-install_only_stripped.tar.gz"
provenance = "github-attestations"

[tools.python."platforms.windows-x64"]
checksum = "sha256:63d263ab0162f34a241a56dc5b283c22d6e131f5516117e6a921350c69ba7d4f"
url = "https://github.com/astral-sh/python-build-standalone/releases/download/20260901/cpython-3.13.15+20260901-x86_64-pc-windows-msvc-install_only_stripped.tar.gz"
provenance = "github-attestations"

[[tools.uv]]
version = "0.12.18"
backend = "aqua:astral-sh/uv"

[tools.uv."platforms.linux-arm64"]
checksum = "sha256:afb6291f3f0a6b4521fc67b947822506c41dde5b60d2189dd8f3695b2ac8c9e7"
url = "https://github.com/astral-sh/uv/releases/download/0.12.18/uv-aarch64-unknown-linux-gnu.tar.gz"
url_api = "https://api.github.com/repos/astral-sh/uv/releases/assets/582430569"
provenance = "github-attestations"

[tools.uv."platforms.linux-arm64-musl"]
checksum = "sha256:0796973fb3eea8095078c3d0659bd17a5f6789a71b8dd85caff2483178f78ac3"
url = "https://github.com/astral-sh/uv/releases/download/0.12.18/uv-aarch64-unknown-linux-musl.tar.gz"
url_api = "https://api.github.com/repos/astral-sh/uv/releases/assets/582430577"
provenance = "github-attestations"

[tools.uv."platforms.linux-x64"]
checksum = "sha256:89eadd7c76fc063887959510d5ba0ab1264dfd5f1143b925ddb73021a40acf16"
url = "https://github.com/astral-sh/uv/releases/download/0.12.18/uv-x86_64-unknown-linux-gnu.tar.gz"
url_api = "https://api.github.com/repos/astral-sh/uv/releases/assets/582430671"
provenance = "github-attestations"

[tools.uv."platforms.linux-x64-musl"]
checksum = "sha256:e38d97460b98ebfd31b197de0fe9fa578add4bc8ba0179b203dd3f87b99f98e6"
url = "https://github.com/astral-sh/uv/releases/download/0.12.18/uv-x86_64-unknown-linux-musl.tar.gz"
url_api = "https://api.github.com/repos/astral-sh/uv/releases/assets/582430675"
provenance = "github-attestations"

[tools.uv."platforms.macos-arm64"]
checksum = "sha256:cf40e0c6a202190ccd9e0406dcfdd5b2d6668a9a5c779b17948963df32aafe5b"
url = "https://github.com/astral-sh/uv/releases/download/0.12.18/uv-aarch64-apple-darwin.tar.gz"
url_api = "https://api.github.com/repos/astral-sh/uv/releases/assets/582430554"
provenance = "github-attestations"

[tools.uv."platforms.macos-x64"]
checksum = "sha256:2e4108f5395397c8bc5d43bf83d3bdbb2d0e92b90d0efa607756be704905fa33"
url = "https://github.com/astral-sh/uv/releases/download/0.12.18/uv-x86_64-apple-darwin.tar.gz"
url_api = "https://api.github.com/repos/astral-sh/uv/releases/assets/582430660"
provenance = "github-attestations"

[tools.uv."platforms.windows-x64"]
checksum = "sha256:cae6a3bc25239f83dffb467a4b180508d9da23986c04639ebfa44e43e6a84bff"
url = "https://github.com/astral-sh/uv/releases/download/0.12.18/uv-x86_64-pc-windows-msvc.zip"
url_api = "https://api.github.com/repos/astral-sh/uv/releases/assets/582430665"
provenance = "github-attestations"
